
Microsoft Visual Studio Solution File, Format Version 12.00
# Visual Studio Version 17
VisualStudioVersion = 17.3.32929.385
MinimumVisualStudioVersion = 10.0.40219.1
Project("{9A19103F-16F7-4668-BE54-9A1E7A4F7556}") = "CppSubmissionChecker_View", "CppSubmissionChecker_View\CppSubmissionChecker_View.csproj", "{A6AE812C-D559-4E81-8ABD-B8C824C9B083}"
EndProject
Project("{9A19103F-16F7-4668-BE54-9A1E7A4F7556}") = "CppSubmissionChecker_ViewModel", "CppSubmissionChecker_ViewModel\CppSubmissionChecker_ViewModel.csproj", "{9F2E8D3C-BA09-4597-BD23-D154CC6EE86E}"
EndProject
Project("{C7167F0D-BC9F-4E6E-AFE1-012C56B48DB5}") = "CppSubmissionChecker_Setup", "CppSubmissionChecker_Setup\CppSubmissionChecker_Setup.wapproj", "{2ECF6EF8-6C13-4122-A0BC-B404B846B69F}"
EndProject
Global
	GlobalSection(SolutionConfigurationPlatforms) = preSolution
		Debug|Any CPU = Debug|Any CPU
		Debug|ARM = Debug|ARM
		Debug|ARM64 = Debug|ARM64
		Debug|x64 = Debug|x64
		Debug|x86 = Debug|x86
		Release|Any CPU = Release|Any CPU
		Release|ARM = Release|ARM
		Release|ARM64 = Release|ARM64
		Release|x64 = Release|x64
		Release|x86 = Release|x86
	EndGlobalSection
	GlobalSection(ProjectConfigurationPlatforms) = postSolution
		{A6AE812C-D559-4E81-8ABD-B8C824C9B083}.Debug|Any CPU.ActiveCfg = Debug|Any CPU
		{A6AE812C-D559-4E81-8ABD-B8C824C9B083}.Debug|Any CPU.Build.0 = Debug|Any CPU
		{A6AE812C-D559-4E81-8ABD-B8C824C9B083}.Debug|ARM.ActiveCfg = Debug|Any CPU
		{A6AE812C-D559-4E81-8ABD-B8C824C9B083}.Debug|ARM.Build.0 = Debug|Any CPU
		{A6AE812C-D559-4E81-8ABD-B8C824C9B083}.Debug|ARM64.ActiveCfg = Debug|Any CPU
		{A6AE812C-D559-4E81-8ABD-B8C824C9B083}.Debug|ARM64.Build.0 = Debug|Any CPU
		{A6AE812C-D559-4E81-8ABD-B8C824C9B083}.Debug|x64.ActiveCfg = Debug|Any CPU
		{A6AE812C-D559-4E81-8ABD-B8C824C9B083}.Debug|x64.Build.0 = Debug|Any CPU
		{A6AE812C-D559-4E81-8ABD-B8C824C9B083}.Debug|x86.ActiveCfg = Debug|Any CPU
		{A6AE812C-D559-4E81-8ABD-B8C824C9B083}.Debug|x86.Build.0 = Debug|Any CPU
		{A6AE812C-D559-4E81-8ABD-B8C824C9B083}.Release|Any CPU.ActiveCfg = Release|Any CPU
		{A6AE812C-D559-4E81-8ABD-B8C824C9B083}.Release|Any CPU.Build.0 = Release|Any CPU
		{A6AE812C-D559-4E81-8ABD-B8C824C9B083}.Release|ARM.ActiveCfg = Release|Any CPU
		{A6AE812C-D559-4E81-8ABD-B8C824C9B083}.Release|ARM.Build.0 = Release|Any CPU
		{A6AE812C-D559-4E81-8ABD-B8C824C9B083}.Release|ARM64.ActiveCfg = Release|Any CPU
		{A6AE812C-D559-4E81-8ABD-B8C824C9B083}.Release|ARM64.Build.0 = Release|Any CPU
		{A6AE812C-D559-4E81-8ABD-B8C824C9B083}.Release|x64.ActiveCfg = Release|x64
		{A6AE812C-D559-4E81-8ABD-B8C824C9B083}.Release|x64.Build.0 = Release|x64
		{A6AE812C-D559-4E81-8ABD-B8C824C9B083}.Release|x86.ActiveCfg = Release|x86
		{A6AE812C-D559-4E81-8ABD-B8C824C9B083}.Release|x86.Build.0 = Release|x86
		{9F2E8D3C-BA09-4597-BD23-D154CC6EE86E}.Debug|Any CPU.ActiveCfg = Debug|Any CPU
		{9F2E8D3C-BA09-4597-BD23-D154CC6EE86E}.Debug|Any CPU.Build.0 = Debug|Any CPU
		{9F2E8D3C-BA09-4597-BD23-D154CC6EE86E}.Debug|ARM.ActiveCfg = Debug|Any CPU
		{9F2E8D3C-BA09-4597-BD23-D154CC6EE86E}.Debug|ARM.Build.0 = Debug|Any CPU
		{9F2E8D3C-BA09-4597-BD23-D154CC6EE86E}.Debug|ARM64.ActiveCfg = Debug|Any CPU
		{9F2E8D3C-BA09-4597-BD23-D154CC6EE86E}.Debug|ARM64.Build.0 = Debug|Any CPU
		{9F2E8D3C-BA09-4597-BD23-D154CC6EE86E}.Debug|x64.ActiveCfg = Debug|Any CPU
		{9F2E8D3C-BA09-4597-BD23-D154CC6EE86E}.Debug|x64.Build.0 = Debug|Any CPU
		{9F2E8D3C-BA09-4597-BD23-D154CC6EE86E}.Debug|x86.ActiveCfg = Debug|Any CPU
		{9F2E8D3C-BA09-4597-BD23-D154CC6EE86E}.Debug|x86.Build.0 = Debug|Any CPU
		{9F2E8D3C-BA09-4597-BD23-D154CC6EE86E}.Release|Any CPU.ActiveCfg = Release|Any CPU
		{9F2E8D3C-BA09-4597-BD23-D154CC6EE86E}.Release|Any CPU.Build.0 = Release|Any CPU
		{9F2E8D3C-BA09-4597-BD23-D154CC6EE86E}.Release|ARM.ActiveCfg = Release|Any CPU
		{9F2E8D3C-BA09-4597-BD23-D154CC6EE86E}.Release|ARM.Build.0 = Release|Any CPU
		{9F2E8D3C-BA09-4597-BD23-D154CC6EE86E}.Release|ARM64.ActiveCfg = Release|Any CPU
		{9F2E8D3C-BA09-4597-BD23-D154CC6EE86E}.Release|ARM64.Build.0 = Release|Any CPU
		{9F2E8D3C-BA09-4597-BD23-D154CC6EE86E}.Release|x64.ActiveCfg = Release|x64
		{9F2E8D3C-BA09-4597-BD23-D154CC6EE86E}.Release|x64.Build.0 = Release|x64
		{9F2E8D3C-BA09-4597-BD23-D154CC6EE86E}.Release|x86.ActiveCfg = Release|x86
		{9F2E8D3C-BA09-4597-BD23-D154CC6EE86E}.Release|x86.Build.0 = Release|x86
		{2ECF6EF8-6C13-4122-A0BC-B404B846B69F}.Debug|Any CPU.ActiveCfg = Debug|Any CPU
		{2ECF6EF8-6C13-4122-A0BC-B404B846B69F}.Debug|Any CPU.Build.0 = Debug|Any CPU
		{2ECF6EF8-6C13-4122-A0BC-B404B846B69F}.Debug|Any CPU.Deploy.0 = Debug|Any CPU
		{2ECF6EF8-6C13-4122-A0BC-B404B846B69F}.Debug|ARM.ActiveCfg = Debug|ARM
		{2ECF6EF8-6C13-4122-A0BC-B404B846B69F}.Debug|ARM.Build.0 = Debug|ARM
		{2ECF6EF8-6C13-4122-A0BC-B404B846B69F}.Debug|ARM.Deploy.0 = Debug|ARM
		{2ECF6EF8-6C13-4122-A0BC-B404B846B69F}.Debug|ARM64.ActiveCfg = Debug|ARM64
		{2ECF6EF8-6C13-4122-A0BC-B404B846B69F}.Debug|ARM64.Build.0 = Debug|ARM64
		{2ECF6EF8-6C13-4122-A0BC-B404B846B69F}.Debug|ARM64.Deploy.0 = Debug|ARM64
		{2ECF6EF8-6C13-4122-A0BC-B404B846B69F}.Debug|x64.ActiveCfg = Debug|x64
		{2ECF6EF8-6C13-4122-A0BC-B404B846B69F}.Debug|x64.Build.0 = Debug|x64
		{2ECF6EF8-6C13-4122-A0BC-B404B846B69F}.Debug|x64.Deploy.0 = Debug|x64
		{2ECF6EF8-6C13-4122-A0BC-B404B846B69F}.Debug|x86.ActiveCfg = Debug|x86
		{2ECF6EF8-6C13-4122-A0BC-B404B846B69F}.Debug|x86.Build.0 = Debug|x86
		{2ECF6EF8-6C13-4122-A0BC-B404B846B69F}.Debug|x86.Deploy.0 = Debug|x86
		{2ECF6EF8-6C13-4122-A0BC-B404B846B69F}.Release|Any CPU.ActiveCfg = Release|Any CPU
		{2ECF6EF8-6C13-4122-A0BC-B404B846B69F}.Release|Any CPU.Build.0 = Release|Any CPU
		{2ECF6EF8-6C13-4122-A0BC-B404B846B69F}.Release|Any CPU.Deploy.0 = Release|Any CPU
		{2ECF6EF8-6C13-4122-A0BC-B404B846B69F}.Release|ARM.ActiveCfg = Release|ARM
		{2ECF6EF8-6C13-4122-A0BC-B404B846B69F}.Release|ARM.Build.0 = Release|ARM
		{2ECF6EF8-6C13-4122-A0BC-B404B846B69F}.Release|ARM.Deploy.0 = Release|ARM
		{2ECF6EF8-6C13-4122-A0BC-B404B846B69F}.Release|ARM64.ActiveCfg = Release|ARM64
		{2ECF6EF8-6C13-4122-A0BC-B404B846B69F}.Release|ARM64.Build.0 = Release|ARM64
		{2ECF6EF8-6C13-4122-A0BC-B404B846B69F}.Release|ARM64.Deploy.0 = Release|ARM64
		{2ECF6EF8-6C13-4122-A0BC-B404B846B69F}.Release|x64.ActiveCfg = Release|x64
		{2ECF6EF8-6C13-4122-A0BC-B404B846B69F}.Release|x64.Build.0 = Release|x64
		{2ECF6EF8-6C13-4122-A0BC-B404B846B69F}.Release|x64.Deploy.0 = Release|x64
		{2ECF6EF8-6C13-4122-A0BC-B404B846B69F}.Release|x86.ActiveCfg = Release|x86
		{2ECF6EF8-6C13-4122-A0BC-B404B846B69F}.Release|x86.Build.0 = Release|x86
		{2ECF6EF8-6C13-4122-A0BC-B404B846B69F}.Release|x86.Deploy.0 = Release|x86
	EndGlobalSection
	GlobalSection(SolutionProperties) = preSolution
		HideSolutionNode = FALSE
	EndGlobalSection
	GlobalSection(ExtensibilityGlobals) = postSolution
		SolutionGuid = {8144B973-0F7D-4621-9FE9-F02D6F1B8474}
	EndGlobalSection
EndGlobal
